// !$*UTF8*$!
{
	archiveVersion = 1;
	classes = {
	};
	objectVersion = 55;
	objects = {

/* Begin PBXBuildFile section */
		FA2B84AB2703446700217339 /* BookListView.swift in Sources */ = {isa = PBXBuildFile; fileRef = FA2B84AA2703446700217339 /* BookListView.swift */; };
		FA2B84AD270345BE00217339 /* BookCard.swift in Sources */ = {isa = PBXBuildFile; fileRef = FA2B84AC270345BE00217339 /* BookCard.swift */; };
		FA2B84AF27034A1200217339 /* BookDetailView.swift in Sources */ = {isa = PBXBuildFile; fileRef = FA2B84AE27034A1200217339 /* BookDetailView.swift */; };
		FAEF502A2701DBAA0030D955 /* Book_AppApp.swift in Sources */ = {isa = PBXBuildFile; fileRef = FAEF50292701DBAA0030D955 /* Book_AppApp.swift */; };
		FAEF502E2701DBAC0030D955 /* Assets.xcassets in Resources */ = {isa = PBXBuildFile; fileRef = FAEF502D2701DBAC0030D955 /* Assets.xcassets */; };
		FAEF50312701DBAC0030D955 /* Preview Assets.xcassets in Resources */ = {isa = PBXBuildFile; fileRef = FAEF50302701DBAC0030D955 /* Preview Assets.xcassets */; };
		FAEF503D2701DE160030D955 /* Data.json in Resources */ = {isa = PBXBuildFile; fileRef = FAEF503C2701DE160030D955 /* Data.json */; };
		FAEF503F2701DF860030D955 /* Book.swift in Sources */ = {isa = PBXBuildFile; fileRef = FAEF503E2701DF860030D955 /* Book.swift */; };
		FAEF50412701E0680030D955 /* BookModel.swift in Sources */ = {isa = PBXBuildFile; fileRef = FAEF50402701E0680030D955 /* BookModel.swift */; };
		FAEF50432701E11A0030D955 /* DataService.swift in Sources */ = {isa = PBXBuildFile; fileRef = FAEF50422701E11A0030D955 /* DataService.swift */; };
/* End PBXBuildFile section */

/* Begin PBXFileReference section */
		FA2B84AA2703446700217339 /* BookListView.swift */ = {isa = PBXFileReference; lastKnownFileType = sourcecode.swift; path = BookListView.swift; sourceTree = "<group>"; };
		FA2B84AC270345BE00217339 /* BookCard.swift */ = {isa = PBXFileReference; lastKnownFileType = sourcecode.swift; path = BookCard.swift; sourceTree = "<group>"; };
		FA2B84AE27034A1200217339 /* BookDetailView.swift */ = {isa = PBXFileReference; lastKnownFileType = sourcecode.swift; path = BookDetailView.swift; sourceTree = "<group>"; };
		FAEF50262701DBAA0030D955 /* Book App.app */ = {isa = PBXFileReference; explicitFileType = wrapper.application; includeInIndex = 0; path = "Book App.app"; sourceTree = BUILT_PRODUCTS_DIR; };
		FAEF50292701DBAA0030D955 /* Book_AppApp.swift */ = {isa = PBXFileReference; lastKnownFileType = sourcecode.swift; path = Book_AppApp.swift; sourceTree = "<group>"; };
		FAEF502D2701DBAC0030D955 /* Assets.xcassets */ = {isa = PBXFileReference; lastKnownFileType = folder.assetcatalog; path = Assets.xcassets; sourceTree = "<group>"; };
		FAEF50302701DBAC0030D955 /* Preview Assets.xcassets */ = {isa = PBXFileReference; lastKnownFileType = folder.assetcatalog; path = "Preview Assets.xcassets"; sourceTree = "<group>"; };
		FAEF503C2701DE160030D955 /* Data.json */ = {isa = PBXFileReference; fileEncoding = 4; lastKnownFileType = text.json; path = Data.json; sourceTree = "<group>"; };
		FAEF503E2701DF860030D955 /* Book.swift */ = {isa = PBXFileReference; lastKnownFileType = sourcecode.swift; path = Book.swift; sourceTree = "<group>"; };
		FAEF50402701E0680030D955 /* BookModel.swift */ = {isa = PBXFileReference; lastKnownFileType = sourcecode.swift; path = BookModel.swift; sourceTree = "<group>"; };
		FAEF50422701E11A0030D955 /* DataService.swift */ = {isa = PBXFileReference; lastKnownFileType = sourcecode.swift; path = DataService.swift; sourceTree = "<group>"; };
/* End PBXFileReference section */

/* Begin PBXFrameworksBuildPhase section */
		FAEF50232701DBAA0030D955 /* Frameworks */ = {
			isa = PBXFrameworksBuildPhase;
			buildActionMask = 2147483647;
			files = (
			);
			runOnlyForDeploymentPostprocessing = 0;
		};
/* End PBXFrameworksBuildPhase section */

/* Begin PBXGroup section */
		FAEF501D2701DBAA0030D955 = {
			isa = PBXGroup;
			children = (
				FAEF50282701DBAA0030D955 /* Book App */,
				FAEF50272701DBAA0030D955 /* Products */,
			);
			sourceTree = "<group>";
		};
		FAEF50272701DBAA0030D955 /* Products */ = {
			isa = PBXGroup;
			children = (
				FAEF50262701DBAA0030D955 /* Book App.app */,
			);
			name = Products;
			sourceTree = "<group>";
		};
		FAEF50282701DBAA0030D955 /* Book App */ = {
			isa = PBXGroup;
			children = (
				FAEF50292701DBAA0030D955 /* Book_AppApp.swift */,
				FAEF50372701DD740030D955 /* Views */,
				FAEF50382701DDA90030D955 /* ViewModel */,
				FAEF50392701DDB40030D955 /* Model */,
				FAEF503B2701DDC00030D955 /* DataService */,
				FAEF503A2701DDBA0030D955 /* Data */,
				FAEF502D2701DBAC0030D955 /* Assets.xcassets */,
				FAEF502F2701DBAC0030D955 /* Preview Content */,
			);
			path = "Book App";
			sourceTree = "<group>";
		};
		FAEF502F2701DBAC0030D955 /* Preview Content */ = {
			isa = PBXGroup;
			children = (
				FAEF50302701DBAC0030D955 /* Preview Assets.xcassets */,
			);
			path = "Preview Content";
			sourceTree = "<group>";
		};
		FAEF50372701DD740030D955 /* Views */ = {
			isa = PBXGroup;
			children = (
				FA2B84AA2703446700217339 /* BookListView.swift */,
				FA2B84AC270345BE00217339 /* BookCard.swift */,
				FA2B84AE27034A1200217339 /* BookDetailView.swift */,
			);
			path = Views;
			sourceTree = "<group>";
		};
		FAEF50382701DDA90030D955 /* ViewModel */ = {
			isa = PBXGroup;
			children = (
				FAEF50402701E0680030D955 /* BookModel.swift */,
			);
			path = ViewModel;
			sourceTree = "<group>";
		};
		FAEF50392701DDB40030D955 /* Model */ = {
			isa = PBXGroup;
			children = (
				FAEF503E2701DF860030D955 /* Book.swift */,
			);
			path = Model;
			sourceTree = "<group>";
		};
		FAEF503A2701DDBA0030D955 /* Data */ = {
			isa = PBXGroup;
			children = (
				FAEF503C2701DE160030D955 /* Data.json */,
			);
			path = Data;
			sourceTree = "<group>";
		};
		FAEF503B2701DDC00030D955 /* DataService */ = {
			isa = PBXGroup;
			children = (
				FAEF50422701E11A0030D955 /* DataService.swift */,
			);
			path = DataService;
			sourceTree = "<group>";
		};
/* End PBXGroup section */

/* Begin PBXNativeTarget section */
		FAEF50252701DBAA0030D955 /* Book App */ = {
			isa = PBXNativeTarget;
			buildConfigurationList = FAEF50342701DBAC0030D955 /* Build configuration list for PBXNativeTarget "Book App" */;
			buildPhases = (
				FAEF50222701DBAA0030D955 /* Sources */,
				FAEF50232701DBAA0030D955 /* Frameworks */,
				FAEF50242701DBAA0030D955 /* Resources */,
			);
			buildRules = (
			);
			dependencies = (
			);
			name = "Book App";
			productName = "Book App";
			productReference = FAEF50262701DBAA0030D955 /* Book App.app */;
			productType = "com.apple.product-type.application";
		};
/* End PBXNativeTarget section */

/* Begin PBXProject section */
		FAEF501E2701DBAA0030D955 /* Project object */ = {
			isa = PBXProject;
			attributes = {
				BuildIndependentTargetsInParallel = 1;
				LastSwiftUpdateCheck = 1300;
				LastUpgradeCheck = 1300;
				TargetAttributes = {
					FAEF50252701DBAA0030D955 = {
						CreatedOnToolsVersion = 13.0;
					};
				};
			};
			buildConfigurationList = FAEF50212701DBAA0030D955 /* Build configuration list for PBXProject "Book App" */;
			compatibilityVersion = "Xcode 13.0";
			developmentRegion = en;
			hasScannedForEncodings = 0;
			knownRegions = (
				en,
				Base,
			);
			mainGroup = FAEF501D2701DBAA0030D955;
			productRefGroup = FAEF50272701DBAA0030D955 /* Products */;
			projectDirPath = "";
			projectRoot = "";
			targets = (
				FAEF50252701DBAA0030D955 /* Book App */,
			);
		};
/* End PBXProject section */

/* Begin PBXResourcesBuildPhase section */
		FAEF50242701DBAA0030D955 /* Resources */ = {
			isa = PBXResourcesBuildPhase;
			buildActionMask = 2147483647;
			files = (
				FAEF50312701DBAC0030D955 /* Preview Assets.xcassets in Resources */,
				FAEF502E2701DBAC0030D955 /* Assets.xcassets in Resources */,
				FAEF503D2701DE160030D955 /* Data.json in Resources */,
			);
			runOnlyForDeploymentPostprocessing = 0;
		};
/* End PBXResourcesBuildPhase section */

/* Begin PBXSourcesBuildPhase section */
		FAEF50222701DBAA0030D955 /* Sources */ = {
			isa = PBXSourcesBuildPhase;
			buildActionMask = 2147483647;
			files = (
				FA2B84AD270345BE00217339 /* BookCard.swift in Sources */,
				FAEF502A2701DBAA0030D955 /* Book_AppApp.swift in Sources */,
				FAEF50412701E0680030D955 /* BookModel.swift in Sources */,
				FA2B84AB2703446700217339 /* BookListView.swift in Sources */,
				FAEF503F2701DF860030D955 /* Book.swift in Sources */,
				FAEF50432701E11A0030D955 /* DataService.swift in Sources */,
				FA2B84AF27034A1200217339 /* BookDetailView.swift in Sources */,
			);
			runOnlyForDeploymentPostprocessing = 0;
		};
/* End PBXSourcesBuildPhase section */

/* Begin XCBuildConfiguration section */
		FAEF50322701DBAC0030D955 /* Debug */ = {
			isa = XCBuildConfiguration;
			buildSettings = {
				ALWAYS_SEARCH_USER_PATHS = NO;
				CLANG_ANALYZER_NONNULL = YES;
				CLANG_ANALYZER_NUMBER_OBJECT_CONVERSION = YES_AGGRESSIVE;
				CLANG_CXX_LANGUAGE_STANDARD = "gnu++17";
				CLANG_CXX_LIBRARY = "libc++";
				CLANG_ENABLE_MODULES = YES;
				CLANG_ENABLE_OBJC_ARC = YES;
				CLANG_ENABLE_OBJC_WEAK = YES;
				CLANG_WARN_BLOCK_CAPTURE_AUTORELEASING = YES;
				CLANG_WARN_BOOL_CONVERSION = YES;
				CLANG_WARN_COMMA = YES;
				CLANG_WARN_CONSTANT_CONVERSION = YES;
				CLANG_WARN_DEPRECATED_OBJC_IMPLEMENTATIONS = YES;
				CLANG_WARN_DIRECT_OBJC_ISA_USAGE = YES_ERROR;
				CLANG_WARN_DOCUMENTATION_COMMENTS = YES;
				CLANG_WARN_EMPTY_BODY = YES;
				CLANG_WARN_ENUM_CONVERSION = YES;
				CLANG_WARN_INFINITE_RECURSION = YES;
				CLANG_WARN_INT_CONVERSION = YES;
				CLANG_WARN_NON_LITERAL_NULL_CONVERSION = YES;
				CLANG_WARN_OBJC_IMPLICIT_RETAIN_SELF = YES;
				CLANG_WARN_OBJC_LITERAL_CONVERSION = YES;
				CLANG_WARN_OBJC_ROOT_CLASS = YES_ERROR;
				CLANG_WARN_QUOTED_INCLUDE_IN_FRAMEWORK_HEADER = YES;
				CLANG_WARN_RANGE_LOOP_ANALYSIS = YES;
				CLANG_WARN_STRICT_PROTOTYPES = YES;
				CLANG_WARN_SUSPICIOUS_MOVE = YES;
				CLANG_WARN_UNGUARDED_AVAILABILITY = YES_AGGRESSIVE;
				CLANG_WARN_UNREACHABLE_CODE = YES;
				CLANG_WARN__DUPLICATE_METHOD_MATCH = YES;
				COPY_PHASE_STRIP = NO;
				DEBUG_INFORMATION_FORMAT = dwarf;
				ENABLE_STRICT_OBJC_MSGSEND = YES;
				ENABLE_TESTABILITY = YES;
				GCC_C_LANGUAGE_STANDARD = gnu11;
				GCC_DYNAMIC_NO_PIC = NO;
				GCC_NO_COMMON_BLOCKS = YES;
				GCC_OPTIMIZATION_LEVEL = 0;
				GCC_PREPROCESSOR_DEFINITIONS = (
					"DEBUG=1",
					"$(inherited)",
				);
				GCC_WARN_64_TO_32_BIT_CONVERSION = YES;
				GCC_WARN_ABOUT_RETURN_TYPE = YES_ERROR;
				GCC_WARN_UNDECLARED_SELECTOR = YES;
				GCC_WARN_UNINITIALIZED_AUTOS = YES_AGGRESSIVE;
				GCC_WARN_UNUSED_FUNCTION = YES;
				GCC_WARN_UNUSED_VARIABLE = YES;
				IPHONEOS_DEPLOYMENT_TARGET = 15.0;
				MTL_ENABLE_DEBUG_INFO = INCLUDE_SOURCE;
				MTL_FAST_MATH = YES;
				ONLY_ACTIVE_ARCH = YES;
				SDKROOT = iphoneos;
				SWIFT_ACTIVE_COMPILATION_CONDITIONS = DEBUG;
				SWIFT_OPTIMIZATION_LEVEL = "-Onone";
			};
			name = Debug;
		};
		FAEF50332701DBAC0030D955 /* Release */ = {
			isa = XCBuildConfiguration;
			buildSettings = {
				ALWAYS_SEARCH_USER_PATHS = NO;
				CLANG_ANALYZER_NONNULL = YES;
				CLANG_ANALYZER_NUMBER_OBJECT_CONVERSION = YES_AGGRESSIVE;
				CLANG_CXX_LANGUAGE_STANDARD = "gnu++17";
				CLANG_CXX_LIBRARY = "libc++";
				CLANG_ENABLE_MODULES = YES;
				CLANG_ENABLE_OBJC_ARC = YES;
				CLANG_ENABLE_OBJC_WEAK = YES;
				CLANG_WARN_BLOCK_CAPTURE_AUTORELEASING = YES;
				CLANG_WARN_BOOL_CONVERSION = YES;
				CLANG_WARN_COMMA = YES;
				CLANG_WARN_CONSTANT_CONVERSION = YES;
				CLANG_WARN_DEPRECATED_OBJC_IMPLEMENTATIONS = YES;
				CLANG_WARN_DIRECT_OBJC_ISA_USAGE = YES_ERROR;
				CLANG_WARN_DOCUMENTATION_COMMENTS = YES;
				CLANG_WARN_EMPTY_BODY = YES;
				CLANG_WARN_ENUM_CONVERSION = YES;
				CLANG_WARN_INFINITE_RECURSION = YES;
				CLANG_WARN_INT_CONVERSION = YES;
				CLANG_WARN_NON_LITERAL_NULL_CONVERSION = YES;
				CLANG_WARN_OBJC_IMPLICIT_RETAIN_SELF = YES;
				CLANG_WARN_OBJC_LITERAL_CONVERSION = YES;
				CLANG_WARN_OBJC_ROOT_CLASS = YES_ERROR;
				CLANG_WARN_QUOTED_INCLUDE_IN_FRAMEWORK_HEADER = YES;
				CLANG_WARN_RANGE_LOOP_ANALYSIS = YES;
				CLANG_WARN_STRICT_PROTOTYPES = YES;
				CLANG_WARN_SUSPICIOUS_MOVE = YES;
				CLANG_WARN_UNGUARDED_AVAILABILITY = YES_AGGRESSIVE;
				CLANG_WARN_UNREACHABLE_CODE = YES;
				CLANG_WARN__DUPLICATE_METHOD_MATCH = YES;
				COPY_PHASE_STRIP = NO;
				DEBUG_INFORMATION_FORMAT = "dwarf-with-dsym";
				ENABLE_NS_ASSERTIONS = NO;
				ENABLE_STRICT_OBJC_MSGSEND = YES;
				GCC_C_LANGUAGE_STANDARD = gnu11;
				GCC_NO_COMMON_BLOCKS = YES;
				GCC_WARN_64_TO_32_BIT_CONVERSION = YES;
				GCC_WARN_ABOUT_RETURN_TYPE = YES_ERROR;
				GCC_WARN_UNDECLARED_SELECTOR = YES;
				GCC_WARN_UNINITIALIZED_AUTOS = YES_AGGRESSIVE;
				GCC_WARN_UNUSED_FUNCTION = YES;
				GCC_WARN_UNUSED_VARIABLE = YES;
				IPHONEOS_DEPLOYMENT_TARGET = 15.0;
				MTL_ENABLE_DEBUG_INFO = NO;
				MTL_FAST_MATH = YES;
				SDKROOT = iphoneos;
				SWIFT_COMPILATION_MODE = wholemodule;
				SWIFT_OPTIMIZATION_LEVEL = "-O";
				VALIDATE_PRODUCT = YES;
			};
			name = Release;
		};
		FAEF50352701DBAC0030D955 /* Debug */ = {
			isa = XCBuildConfiguration;
			buildSettings = {
				ASSETCATALOG_COMPILER_APPICON_NAME = AppIcon;
				ASSETCATALOG_COMPILER_GLOBAL_ACCENT_COLOR_NAME = AccentColor;
				CODE_SIGN_STYLE = Automatic;
				CURRENT_PROJECT_VERSION = 1;
				DEVELOPMENT_ASSET_PATHS = "\"Book App/Preview Content\"";
				DEVELOPMENT_TEAM = 6TKT435P79;
				ENABLE_PREVIEWS = YES;
				GENERATE_INFOPLIST_FILE = YES;
				INFOPLIST_KEY_UIApplicationSceneManifest_Generation = YES;
				INFOPLIST_KEY_UIApplicationSupportsIndirectInputEvents = YES;
				INFOPLIST_KEY_UILaunchScreen_Generation = YES;
				INFOPLIST_KEY_UISupportedInterfaceOrientations_iPad = "UIInterfaceOrientationPortrait UIInterfaceOrientationPortraitUpsideDown UIInterfaceOrientationLandscapeLeft UIInterfaceOrientationLandscapeRight";
				INFOPLIST_KEY_UISupportedInterfaceOrientations_iPhone = "UIInterfaceOrientationPortrait UIInterfaceOrientationLandscapeLeft UIInterfaceOrientationLandscapeRight";
				IPHONEOS_DEPLOYMENT_TARGET = 14.0;
				LD_RUNPATH_SEARCH_PATHS = (
					"$(inherited)",
					"@executable_path/Frameworks",
				);
				MARKETING_VERSION = 1.0;
				PRODUCT_BUNDLE_IDENTIFIER = "com.alexcannizzo.Book-App";
				PRODUCT_NAME = "$(TARGET_NAME)";
				SWIFT_EMIT_LOC_STRINGS = YES;
				SWIFT_VERSION = 5.0;
				TARGETED_DEVICE_FAMILY = "1,2";
			};
			name = Debug;
		};
		FAEF50362701DBAC0030D955 /* Release */ = {
			isa = XCBuildConfiguration;
			buildSettings = {
				ASSETCATALOG_COMPILER_APPICON_NAME = AppIcon;
				ASSETCATALOG_COMPILER_GLOBAL_ACCENT_COLOR_NAME = AccentColor;
				CODE_SIGN_STYLE = Automatic;
				CURRENT_PROJECT_VERSION = 1;
				DEVELOPMENT_ASSET_PATHS = "\"Book App/Preview Content\"";
				DEVELOPMENT_TEAM = 6TKT435P79;
				ENABLE_PREVIEWS = YES;
				GENERATE_INFOPLIST_FILE = YES;
				INFOPLIST_KEY_UIApplicationSceneManifest_Generation = YES;
				INFOPLIST_KEY_UIApplicationSupportsIndirectInputEvents = YES;
				INFOPLIST_KEY_UILaunchScreen_Generation = YES;
				INFOPLIST_KEY_UISupportedInterfaceOrientations_iPad = "UIInterfaceOrientationPortrait UIInterfaceOrientationPortraitUpsideDown UIInterfaceOrientationLandscapeLeft UIInterfaceOrientationLandscapeRight";
				INFOPLIST_KEY_UISupportedInterfaceOrientations_iPhone = "UIInterfaceOrientationPortrait UIInterfaceOrientationLandscapeLeft UIInterfaceOrientationLandscapeRight";
				IPHONEOS_DEPLOYMENT_TARGET = 14.0;
				LD_RUNPATH_SEARCH_PATHS = (
					"$(inherited)",
					"@executable_path/Frameworks",
				);
				MARKETING_VERSION = 1.0;
				PRODUCT_BUNDLE_IDENTIFIER = "com.alexcannizzo.Book-App";
				PRODUCT_NAME = "$(TARGET_NAME)";
				SWIFT_EMIT_LOC_STRINGS = YES;
				SWIFT_VERSION = 5.0;
				TARGETED_DEVICE_FAMILY = "1,2";
			};
			name = Release;
		};
/* End XCBuildConfiguration section */

/* Begin XCConfigurationList section */
		FAEF50212701DBAA0030D955 /* Build configuration list for PBXProject "Book App" */ = {
			isa = XCConfigurationList;
			buildConfigurations = (
				FAEF50322701DBAC0030D955 /* Debug */,
				FAEF50332701DBAC0030D955 /* Release */,
			);
			defaultConfigurationIsVisible = 0;
			defaultConfigurationName = Release;
		};
		FAEF50342701DBAC0030D955 /* Build configuration list for PBXNativeTarget "Book App" */ = {
			isa = XCConfigurationList;
			buildConfigurations = (
				FAEF50352701DBAC0030D955 /* Debug */,
				FAEF50362701DBAC0030D955 /* Release */,
			);
			defaultConfigurationIsVisible = 0;
			defaultConfigurationName = Release;
		};
/* End XCConfigurationList section */
	};
	rootObject = FAEF501E2701DBAA0030D955 /* Project object */;
}
